// !$*UTF8*$!
{
	archiveVersion = 1;
	classes = {
	};
	objectVersion = 50;
	objects = {

/* Begin PBXBuildFile section */
		A39CDBE925A11E6500CDE788 /* Shaders.metal in Sources */ = {isa = PBXBuildFile; fileRef = A39CDBE425A11E6500CDE788 /* Shaders.metal */; };
		A39CDBEA25A11E6500CDE788 /* MetalBuffer.swift in Sources */ = {isa = PBXBuildFile; fileRef = A39CDBE525A11E6500CDE788 /* MetalBuffer.swift */; };
		A39CDBEB25A11E6500CDE788 /* Helpers.swift in Sources */ = {isa = PBXBuildFile; fileRef = A39CDBE625A11E6500CDE788 /* Helpers.swift */; };
		A39CDBEC25A11E6500CDE788 /* Renderer.swift in Sources */ = {isa = PBXBuildFile; fileRef = A39CDBE725A11E6500CDE788 /* Renderer.swift */; };
		A39CDBF125A11EBA00CDE788 /* DepthViewController.swift in Sources */ = {isa = PBXBuildFile; fileRef = A39CDBF025A11EBA00CDE788 /* DepthViewController.swift */; };
		A3A532BE259B64C10045BEE4 /* AppDelegate.swift in Sources */ = {isa = PBXBuildFile; fileRef = A3A532BD259B64C10045BEE4 /* AppDelegate.swift */; };
		A3A532C0259B64C10045BEE4 /* SceneDelegate.swift in Sources */ = {isa = PBXBuildFile; fileRef = A3A532BF259B64C10045BEE4 /* SceneDelegate.swift */; };
		A3A532C2259B64C10045BEE4 /* ViewController.swift in Sources */ = {isa = PBXBuildFile; fileRef = A3A532C1259B64C10045BEE4 /* ViewController.swift */; };
		A3A532C5259B64C10045BEE4 /* Main.storyboard in Resources */ = {isa = PBXBuildFile; fileRef = A3A532C3259B64C10045BEE4 /* Main.storyboard */; };
		A3A532C7259B64C20045BEE4 /* Assets.xcassets in Resources */ = {isa = PBXBuildFile; fileRef = A3A532C6259B64C20045BEE4 /* Assets.xcassets */; };
		A3A532CA259B64C20045BEE4 /* LaunchScreen.storyboard in Resources */ = {isa = PBXBuildFile; fileRef = A3A532C8259B64C20045BEE4 /* LaunchScreen.storyboard */; };
		A3A532D5259B64C20045BEE4 /* Remote_Collaborative_AnnotationTests.swift in Sources */ = {isa = PBXBuildFile; fileRef = A3A532D4259B64C20045BEE4 /* Remote_Collaborative_AnnotationTests.swift */; };
		A3A532E0259B64C20045BEE4 /* Remote_Collaborative_AnnotationUITests.swift in Sources */ = {isa = PBXBuildFile; fileRef = A3A532DF259B64C20045BEE4 /* Remote_Collaborative_AnnotationUITests.swift */; };
		A3A532F9259B76080045BEE4 /* BBoxViewController.swift in Sources */ = {isa = PBXBuildFile; fileRef = A3A532F8259B76080045BEE4 /* BBoxViewController.swift */; };
		A3A532FE259B76250045BEE4 /* MeshViewController.swift in Sources */ = {isa = PBXBuildFile; fileRef = A3A532FD259B76250045BEE4 /* MeshViewController.swift */; };
		A3A53309259B7F5C0045BEE4 /* art.scnassets in Resources */ = {isa = PBXBuildFile; fileRef = A3A53308259B7F5C0045BEE4 /* art.scnassets */; };
		A3A53315259B81D50045BEE4 /* Extensions.swift in Sources */ = {isa = PBXBuildFile; fileRef = A3A53312259B81D50045BEE4 /* Extensions.swift */; };
		A3A53316259B81D50045BEE4 /* RoundedButton.swift in Sources */ = {isa = PBXBuildFile; fileRef = A3A53313259B81D50045BEE4 /* RoundedButton.swift */; };
		A3A53317259B81D50045BEE4 /* ViewController+CoachingOverlay.swift in Sources */ = {isa = PBXBuildFile; fileRef = A3A53314259B81D50045BEE4 /* ViewController+CoachingOverlay.swift */; };
/* End PBXBuildFile section */

/* Begin PBXContainerItemProxy section */
		A3A532D1259B64C20045BEE4 /* PBXContainerItemProxy */ = {
			isa = PBXContainerItemProxy;
			containerPortal = A3A532B2259B64C10045BEE4 /* Project object */;
			proxyType = 1;
			remoteGlobalIDString = A3A532B9259B64C10045BEE4;
			remoteInfo = "Remote Collaborative Annotation";
		};
		A3A532DC259B64C20045BEE4 /* PBXContainerItemProxy */ = {
			isa = PBXContainerItemProxy;
			containerPortal = A3A532B2259B64C10045BEE4 /* Project object */;
			proxyType = 1;
			remoteGlobalIDString = A3A532B9259B64C10045BEE4;
			remoteInfo = "Remote Collaborative Annotation";
		};
/* End PBXContainerItemProxy section */

/* Begin PBXFileReference section */
		A39CDBE425A11E6500CDE788 /* Shaders.metal */ = {isa = PBXFileReference; fileEncoding = 4; lastKnownFileType = sourcecode.metal; path = Shaders.metal; sourceTree = "<group>"; };
		A39CDBE525A11E6500CDE788 /* MetalBuffer.swift */ = {isa = PBXFileReference; fileEncoding = 4; lastKnownFileType = sourcecode.swift; path = MetalBuffer.swift; sourceTree = "<group>"; };
		A39CDBE625A11E6500CDE788 /* Helpers.swift */ = {isa = PBXFileReference; fileEncoding = 4; lastKnownFileType = sourcecode.swift; path = Helpers.swift; sourceTree = "<group>"; };
		A39CDBE725A11E6500CDE788 /* Renderer.swift */ = {isa = PBXFileReference; fileEncoding = 4; lastKnownFileType = sourcecode.swift; path = Renderer.swift; sourceTree = "<group>"; };
		A39CDBF025A11EBA00CDE788 /* DepthViewController.swift */ = {isa = PBXFileReference; lastKnownFileType = sourcecode.swift; path = DepthViewController.swift; sourceTree = "<group>"; };
		A39CDBFA25A122C000CDE788 /* ShaderTypes.h */ = {isa = PBXFileReference; fileEncoding = 4; lastKnownFileType = sourcecode.c.h; name = ShaderTypes.h; path = ../../VisualizingAPointCloudUsingSceneDepth/SceneDepthPointCloud/ShaderTypes.h; sourceTree = "<group>"; };
		A39CDBFB25A1236100CDE788 /* RemoteCollaborativeAnnotation-Bridging-Header.h */ = {isa = PBXFileReference; lastKnownFileType = sourcecode.c.h; path = "RemoteCollaborativeAnnotation-Bridging-Header.h"; sourceTree = "<group>"; };
		A3A532BA259B64C10045BEE4 /* Remote Collaborative Annotation.app */ = {isa = PBXFileReference; explicitFileType = wrapper.application; includeInIndex = 0; path = "Remote Collaborative Annotation.app"; sourceTree = BUILT_PRODUCTS_DIR; };
		A3A532BD259B64C10045BEE4 /* AppDelegate.swift */ = {isa = PBXFileReference; lastKnownFileType = sourcecode.swift; path = AppDelegate.swift; sourceTree = "<group>"; };
		A3A532BF259B64C10045BEE4 /* SceneDelegate.swift */ = {isa = PBXFileReference; lastKnownFileType = sourcecode.swift; path = SceneDelegate.swift; sourceTree = "<group>"; };
		A3A532C1259B64C10045BEE4 /* ViewController.swift */ = {isa = PBXFileReference; lastKnownFileType = sourcecode.swift; path = ViewController.swift; sourceTree = "<group>"; };
		A3A532C4259B64C10045BEE4 /* Base */ = {isa = PBXFileReference; lastKnownFileType = file.storyboard; name = Base; path = Base.lproj/Main.storyboard; sourceTree = "<group>"; };
		A3A532C6259B64C20045BEE4 /* Assets.xcassets */ = {isa = PBXFileReference; lastKnownFileType = folder.assetcatalog; path = Assets.xcassets; sourceTree = "<group>"; };
		A3A532C9259B64C20045BEE4 /* Base */ = {isa = PBXFileReference; lastKnownFileType = file.storyboard; name = Base; path = Base.lproj/LaunchScreen.storyboard; sourceTree = "<group>"; };
		A3A532CB259B64C20045BEE4 /* Info.plist */ = {isa = PBXFileReference; lastKnownFileType = text.plist.xml; path = Info.plist; sourceTree = "<group>"; };
		A3A532D0259B64C20045BEE4 /* Remote Collaborative AnnotationTests.xctest */ = {isa = PBXFileReference; explicitFileType = wrapper.cfbundle; includeInIndex = 0; path = "Remote Collaborative AnnotationTests.xctest"; sourceTree = BUILT_PRODUCTS_DIR; };
		A3A532D4259B64C20045BEE4 /* Remote_Collaborative_AnnotationTests.swift */ = {isa = PBXFileReference; lastKnownFileType = sourcecode.swift; path = Remote_Collaborative_AnnotationTests.swift; sourceTree = "<group>"; };
		A3A532D6259B64C20045BEE4 /* Info.plist */ = {isa = PBXFileReference; lastKnownFileType = text.plist.xml; path = Info.plist; sourceTree = "<group>"; };
		A3A532DB259B64C20045BEE4 /* Remote Collaborative AnnotationUITests.xctest */ = {isa = PBXFileReference; explicitFileType = wrapper.cfbundle; includeInIndex = 0; path = "Remote Collaborative AnnotationUITests.xctest"; sourceTree = BUILT_PRODUCTS_DIR; };
		A3A532DF259B64C20045BEE4 /* Remote_Collaborative_AnnotationUITests.swift */ = {isa = PBXFileReference; lastKnownFileType = sourcecode.swift; path = Remote_Collaborative_AnnotationUITests.swift; sourceTree = "<group>"; };
		A3A532E1259B64C20045BEE4 /* Info.plist */ = {isa = PBXFileReference; lastKnownFileType = text.plist.xml; path = Info.plist; sourceTree = "<group>"; };
		A3A532F8259B76080045BEE4 /* BBoxViewController.swift */ = {isa = PBXFileReference; lastKnownFileType = sourcecode.swift; path = BBoxViewController.swift; sourceTree = "<group>"; };
		A3A532FD259B76250045BEE4 /* MeshViewController.swift */ = {isa = PBXFileReference; lastKnownFileType = sourcecode.swift; path = MeshViewController.swift; sourceTree = "<group>"; };
		A3A53308259B7F5C0045BEE4 /* art.scnassets */ = {isa = PBXFileReference; lastKnownFileType = wrapper.scnassets; path = art.scnassets; sourceTree = "<group>"; };
		A3A53312259B81D50045BEE4 /* Extensions.swift */ = {isa = PBXFileReference; fileEncoding = 4; lastKnownFileType = sourcecode.swift; path = Extensions.swift; sourceTree = "<group>"; };
		A3A53313259B81D50045BEE4 /* RoundedButton.swift */ = {isa = PBXFileReference; fileEncoding = 4; lastKnownFileType = sourcecode.swift; path = RoundedButton.swift; sourceTree = "<group>"; };
		A3A53314259B81D50045BEE4 /* ViewController+CoachingOverlay.swift */ = {isa = PBXFileReference; fileEncoding = 4; lastKnownFileType = sourcecode.swift; path = "ViewController+CoachingOverlay.swift"; sourceTree = "<group>"; };
/* End PBXFileReference section */

/* Begin PBXFrameworksBuildPhase section */
		A3A532B7259B64C10045BEE4 /* Frameworks */ = {
			isa = PBXFrameworksBuildPhase;
			buildActionMask = 2147483647;
			files = (
			);
			runOnlyForDeploymentPostprocessing = 0;
		};
		A3A532CD259B64C20045BEE4 /* Frameworks */ = {
			isa = PBXFrameworksBuildPhase;
			buildActionMask = 2147483647;
			files = (
			);
			runOnlyForDeploymentPostprocessing = 0;
		};
		A3A532D8259B64C20045BEE4 /* Frameworks */ = {
			isa = PBXFrameworksBuildPhase;
			buildActionMask = 2147483647;
			files = (
			);
			runOnlyForDeploymentPostprocessing = 0;
		};
/* End PBXFrameworksBuildPhase section */

/* Begin PBXGroup section */
		A3A532B1259B64C10045BEE4 = {
			isa = PBXGroup;
			children = (
				A3A532BC259B64C10045BEE4 /* Remote Collaborative Annotation */,
				A3A532D3259B64C20045BEE4 /* Remote Collaborative AnnotationTests */,
				A3A532DE259B64C20045BEE4 /* Remote Collaborative AnnotationUITests */,
				A3A532BB259B64C10045BEE4 /* Products */,
			);
			sourceTree = "<group>";
		};
		A3A532BB259B64C10045BEE4 /* Products */ = {
			isa = PBXGroup;
			children = (
				A3A532BA259B64C10045BEE4 /* Remote Collaborative Annotation.app */,
				A3A532D0259B64C20045BEE4 /* Remote Collaborative AnnotationTests.xctest */,
				A3A532DB259B64C20045BEE4 /* Remote Collaborative AnnotationUITests.xctest */,
			);
			name = Products;
			sourceTree = "<group>";
		};
		A3A532BC259B64C10045BEE4 /* Remote Collaborative Annotation */ = {
			isa = PBXGroup;
			children = (
				A39CDBFA25A122C000CDE788 /* ShaderTypes.h */,
				A39CDBE625A11E6500CDE788 /* Helpers.swift */,
				A39CDBE525A11E6500CDE788 /* MetalBuffer.swift */,
				A39CDBE725A11E6500CDE788 /* Renderer.swift */,
				A39CDBE425A11E6500CDE788 /* Shaders.metal */,
				A3A53312259B81D50045BEE4 /* Extensions.swift */,
				A3A53313259B81D50045BEE4 /* RoundedButton.swift */,
				A3A53314259B81D50045BEE4 /* ViewController+CoachingOverlay.swift */,
				A3A532BD259B64C10045BEE4 /* AppDelegate.swift */,
				A3A532BF259B64C10045BEE4 /* SceneDelegate.swift */,
				A3A532C1259B64C10045BEE4 /* ViewController.swift */,
				A3A532F8259B76080045BEE4 /* BBoxViewController.swift */,
				A3A532FD259B76250045BEE4 /* MeshViewController.swift */,
				A39CDBF025A11EBA00CDE788 /* DepthViewController.swift */,
				A3A532C3259B64C10045BEE4 /* Main.storyboard */,
				A3A532C6259B64C20045BEE4 /* Assets.xcassets */,
				A3A532C8259B64C20045BEE4 /* LaunchScreen.storyboard */,
				A3A532CB259B64C20045BEE4 /* Info.plist */,
				A3A53308259B7F5C0045BEE4 /* art.scnassets */,
				A39CDBFB25A1236100CDE788 /* RemoteCollaborativeAnnotation-Bridging-Header.h */,
			);
			path = "Remote Collaborative Annotation";
			sourceTree = "<group>";
		};
		A3A532D3259B64C20045BEE4 /* Remote Collaborative AnnotationTests */ = {
			isa = PBXGroup;
			children = (
				A3A532D4259B64C20045BEE4 /* Remote_Collaborative_AnnotationTests.swift */,
				A3A532D6259B64C20045BEE4 /* Info.plist */,
			);
			path = "Remote Collaborative AnnotationTests";
			sourceTree = "<group>";
		};
		A3A532DE259B64C20045BEE4 /* Remote Collaborative AnnotationUITests */ = {
			isa = PBXGroup;
			children = (
				A3A532DF259B64C20045BEE4 /* Remote_Collaborative_AnnotationUITests.swift */,
				A3A532E1259B64C20045BEE4 /* Info.plist */,
			);
			path = "Remote Collaborative AnnotationUITests";
			sourceTree = "<group>";
		};
/* End PBXGroup section */

/* Begin PBXNativeTarget section */
		A3A532B9259B64C10045BEE4 /* Remote Collaborative Annotation */ = {
			isa = PBXNativeTarget;
			buildConfigurationList = A3A532E4259B64C20045BEE4 /* Build configuration list for PBXNativeTarget "Remote Collaborative Annotation" */;
			buildPhases = (
				A3A532B6259B64C10045BEE4 /* Sources */,
				A3A532B7259B64C10045BEE4 /* Frameworks */,
				A3A532B8259B64C10045BEE4 /* Resources */,
			);
			buildRules = (
			);
			dependencies = (
			);
			name = "Remote Collaborative Annotation";
			productName = "Remote Collaborative Annotation";
			productReference = A3A532BA259B64C10045BEE4 /* Remote Collaborative Annotation.app */;
			productType = "com.apple.product-type.application";
		};
		A3A532CF259B64C20045BEE4 /* Remote Collaborative AnnotationTests */ = {
			isa = PBXNativeTarget;
			buildConfigurationList = A3A532E7259B64C20045BEE4 /* Build configuration list for PBXNativeTarget "Remote Collaborative AnnotationTests" */;
			buildPhases = (
				A3A532CC259B64C20045BEE4 /* Sources */,
				A3A532CD259B64C20045BEE4 /* Frameworks */,
				A3A532CE259B64C20045BEE4 /* Resources */,
			);
			buildRules = (
			);
			dependencies = (
				A3A532D2259B64C20045BEE4 /* PBXTargetDependency */,
			);
			name = "Remote Collaborative AnnotationTests";
			productName = "Remote Collaborative AnnotationTests";
			productReference = A3A532D0259B64C20045BEE4 /* Remote Collaborative AnnotationTests.xctest */;
			productType = "com.apple.product-type.bundle.unit-test";
		};
		A3A532DA259B64C20045BEE4 /* Remote Collaborative AnnotationUITests */ = {
			isa = PBXNativeTarget;
			buildConfigurationList = A3A532EA259B64C20045BEE4 /* Build configuration list for PBXNativeTarget "Remote Collaborative AnnotationUITests" */;
			buildPhases = (
				A3A532D7259B64C20045BEE4 /* Sources */,
				A3A532D8259B64C20045BEE4 /* Frameworks */,
				A3A532D9259B64C20045BEE4 /* Resources */,
			);
			buildRules = (
			);
			dependencies = (
				A3A532DD259B64C20045BEE4 /* PBXTargetDependency */,
			);
			name = "Remote Collaborative AnnotationUITests";
			productName = "Remote Collaborative AnnotationUITests";
			productReference = A3A532DB259B64C20045BEE4 /* Remote Collaborative AnnotationUITests.xctest */;
			productType = "com.apple.product-type.bundle.ui-testing";
		};
/* End PBXNativeTarget section */

/* Begin PBXProject section */
		A3A532B2259B64C10045BEE4 /* Project object */ = {
			isa = PBXProject;
			attributes = {
				LastSwiftUpdateCheck = 1230;
				LastUpgradeCheck = 1230;
				TargetAttributes = {
					A3A532B9259B64C10045BEE4 = {
						CreatedOnToolsVersion = 12.3;
					};
					A3A532CF259B64C20045BEE4 = {
						CreatedOnToolsVersion = 12.3;
						TestTargetID = A3A532B9259B64C10045BEE4;
					};
					A3A532DA259B64C20045BEE4 = {
						CreatedOnToolsVersion = 12.3;
						TestTargetID = A3A532B9259B64C10045BEE4;
					};
				};
			};
			buildConfigurationList = A3A532B5259B64C10045BEE4 /* Build configuration list for PBXProject "Remote Collaborative Annotation" */;
			compatibilityVersion = "Xcode 9.3";
			developmentRegion = en;
			hasScannedForEncodings = 0;
			knownRegions = (
				en,
				Base,
			);
			mainGroup = A3A532B1259B64C10045BEE4;
			productRefGroup = A3A532BB259B64C10045BEE4 /* Products */;
			projectDirPath = "";
			projectRoot = "";
			targets = (
				A3A532B9259B64C10045BEE4 /* Remote Collaborative Annotation */,
				A3A532CF259B64C20045BEE4 /* Remote Collaborative AnnotationTests */,
				A3A532DA259B64C20045BEE4 /* Remote Collaborative AnnotationUITests */,
			);
		};
/* End PBXProject section */

/* Begin PBXResourcesBuildPhase section */
		A3A532B8259B64C10045BEE4 /* Resources */ = {
			isa = PBXResourcesBuildPhase;
			buildActionMask = 2147483647;
			files = (
				A3A532CA259B64C20045BEE4 /* LaunchScreen.storyboard in Resources */,
				A3A53309259B7F5C0045BEE4 /* art.scnassets in Resources */,
				A3A532C7259B64C20045BEE4 /* Assets.xcassets in Resources */,
				A3A532C5259B64C10045BEE4 /* Main.storyboard in Resources */,
			);
			runOnlyForDeploymentPostprocessing = 0;
		};
		A3A532CE259B64C20045BEE4 /* Resources */ = {
			isa = PBXResourcesBuildPhase;
			buildActionMask = 2147483647;
			files = (
			);
			runOnlyForDeploymentPostprocessing = 0;
		};
		A3A532D9259B64C20045BEE4 /* Resources */ = {
			isa = PBXResourcesBuildPhase;
			buildActionMask = 2147483647;
			files = (
			);
			runOnlyForDeploymentPostprocessing = 0;
		};
/* End PBXResourcesBuildPhase section */

/* Begin PBXSourcesBuildPhase section */
		A3A532B6259B64C10045BEE4 /* Sources */ = {
			isa = PBXSourcesBuildPhase;
			buildActionMask = 2147483647;
			files = (
				A3A532C2259B64C10045BEE4 /* ViewController.swift in Sources */,
				A3A532FE259B76250045BEE4 /* MeshViewController.swift in Sources */,
				A3A532F9259B76080045BEE4 /* BBoxViewController.swift in Sources */,
				A39CDBEA25A11E6500CDE788 /* MetalBuffer.swift in Sources */,
				A39CDBF125A11EBA00CDE788 /* DepthViewController.swift in Sources */,
				A3A53316259B81D50045BEE4 /* RoundedButton.swift in Sources */,
				A39CDBEC25A11E6500CDE788 /* Renderer.swift in Sources */,
				A39CDBE925A11E6500CDE788 /* Shaders.metal in Sources */,
				A39CDBEB25A11E6500CDE788 /* Helpers.swift in Sources */,
				A3A532BE259B64C10045BEE4 /* AppDelegate.swift in Sources */,
				A3A53317259B81D50045BEE4 /* ViewController+CoachingOverlay.swift in Sources */,
				A3A532C0259B64C10045BEE4 /* SceneDelegate.swift in Sources */,
				A3A53315259B81D50045BEE4 /* Extensions.swift in Sources */,
			);
			runOnlyForDeploymentPostprocessing = 0;
		};
		A3A532CC259B64C20045BEE4 /* Sources */ = {
			isa = PBXSourcesBuildPhase;
			buildActionMask = 2147483647;
			files = (
				A3A532D5259B64C20045BEE4 /* Remote_Collaborative_AnnotationTests.swift in Sources */,
			);
			runOnlyForDeploymentPostprocessing = 0;
		};
		A3A532D7259B64C20045BEE4 /* Sources */ = {
			isa = PBXSourcesBuildPhase;
			buildActionMask = 2147483647;
			files = (
				A3A532E0259B64C20045BEE4 /* Remote_Collaborative_AnnotationUITests.swift in Sources */,
			);
			runOnlyForDeploymentPostprocessing = 0;
		};
/* End PBXSourcesBuildPhase section */

/* Begin PBXTargetDependency section */
		A3A532D2259B64C20045BEE4 /* PBXTargetDependency */ = {
			isa = PBXTargetDependency;
			target = A3A532B9259B64C10045BEE4 /* Remote Collaborative Annotation */;
			targetProxy = A3A532D1259B64C20045BEE4 /* PBXContainerItemProxy */;
		};
		A3A532DD259B64C20045BEE4 /* PBXTargetDependency */ = {
			isa = PBXTargetDependency;
			target = A3A532B9259B64C10045BEE4 /* Remote Collaborative Annotation */;
			targetProxy = A3A532DC259B64C20045BEE4 /* PBXContainerItemProxy */;
		};
/* End PBXTargetDependency section */

/* Begin PBXVariantGroup section */
		A3A532C3259B64C10045BEE4 /* Main.storyboard */ = {
			isa = PBXVariantGroup;
			children = (
				A3A532C4259B64C10045BEE4 /* Base */,
			);
			name = Main.storyboard;
			sourceTree = "<group>";
		};
		A3A532C8259B64C20045BEE4 /* LaunchScreen.storyboard */ = {
			isa = PBXVariantGroup;
			children = (
				A3A532C9259B64C20045BEE4 /* Base */,
			);
			name = LaunchScreen.storyboard;
			sourceTree = "<group>";
		};
/* End PBXVariantGroup section */

/* Begin XCBuildConfiguration section */
		A3A532E2259B64C20045BEE4 /* Debug */ = {
			isa = XCBuildConfiguration;
			buildSettings = {
				ALWAYS_SEARCH_USER_PATHS = NO;
				CLANG_ANALYZER_NONNULL = YES;
				CLANG_ANALYZER_NUMBER_OBJECT_CONVERSION = YES_AGGRESSIVE;
				CLANG_CXX_LANGUAGE_STANDARD = "gnu++14";
				CLANG_CXX_LIBRARY = "libc++";
				CLANG_ENABLE_MODULES = YES;
				CLANG_ENABLE_OBJC_ARC = YES;
				CLANG_ENABLE_OBJC_WEAK = YES;
				CLANG_WARN_BLOCK_CAPTURE_AUTORELEASING = YES;
				CLANG_WARN_BOOL_CONVERSION = YES;
				CLANG_WARN_COMMA = YES;
				CLANG_WARN_CONSTANT_CONVERSION = YES;
				CLANG_WARN_DEPRECATED_OBJC_IMPLEMENTATIONS = YES;
				CLANG_WARN_DIRECT_OBJC_ISA_USAGE = YES_ERROR;
				CLANG_WARN_DOCUMENTATION_COMMENTS = YES;
				CLANG_WARN_EMPTY_BODY = YES;
				CLANG_WARN_ENUM_CONVERSION = YES;
				CLANG_WARN_INFINITE_RECURSION = YES;
				CLANG_WARN_INT_CONVERSION = YES;
				CLANG_WARN_NON_LITERAL_NULL_CONVERSION = YES;
				CLANG_WARN_OBJC_IMPLICIT_RETAIN_SELF = YES;
				CLANG_WARN_OBJC_LITERAL_CONVERSION = YES;
				CLANG_WARN_OBJC_ROOT_CLASS = YES_ERROR;
				CLANG_WARN_QUOTED_INCLUDE_IN_FRAMEWORK_HEADER = YES;
				CLANG_WARN_RANGE_LOOP_ANALYSIS = YES;
				CLANG_WARN_STRICT_PROTOTYPES = YES;
				CLANG_WARN_SUSPICIOUS_MOVE = YES;
				CLANG_WARN_UNGUARDED_AVAILABILITY = YES_AGGRESSIVE;
				CLANG_WARN_UNREACHABLE_CODE = YES;
				CLANG_WARN__DUPLICATE_METHOD_MATCH = YES;
				COPY_PHASE_STRIP = NO;
				DEBUG_INFORMATION_FORMAT = dwarf;
				ENABLE_STRICT_OBJC_MSGSEND = YES;
				ENABLE_TESTABILITY = YES;
				GCC_C_LANGUAGE_STANDARD = gnu11;
				GCC_DYNAMIC_NO_PIC = NO;
				GCC_NO_COMMON_BLOCKS = YES;
				GCC_OPTIMIZATION_LEVEL = 0;
				GCC_PREPROCESSOR_DEFINITIONS = (
					"DEBUG=1",
					"$(inherited)",
				);
				GCC_WARN_64_TO_32_BIT_CONVERSION = YES;
				GCC_WARN_ABOUT_RETURN_TYPE = YES_ERROR;
				GCC_WARN_UNDECLARED_SELECTOR = YES;
				GCC_WARN_UNINITIALIZED_AUTOS = YES_AGGRESSIVE;
				GCC_WARN_UNUSED_FUNCTION = YES;
				GCC_WARN_UNUSED_VARIABLE = YES;
				IPHONEOS_DEPLOYMENT_TARGET = 14.3;
				MTL_ENABLE_DEBUG_INFO = INCLUDE_SOURCE;
				MTL_FAST_MATH = YES;
				ONLY_ACTIVE_ARCH = YES;
				SDKROOT = iphoneos;
				SWIFT_ACTIVE_COMPILATION_CONDITIONS = DEBUG;
				SWIFT_OPTIMIZATION_LEVEL = "-Onone";
			};
			name = Debug;
		};
		A3A532E3259B64C20045BEE4 /* Release */ = {
			isa = XCBuildConfiguration;
			buildSettings = {
				ALWAYS_SEARCH_USER_PATHS = NO;
				CLANG_ANALYZER_NONNULL = YES;
				CLANG_ANALYZER_NUMBER_OBJECT_CONVERSION = YES_AGGRESSIVE;
				CLANG_CXX_LANGUAGE_STANDARD = "gnu++14";
				CLANG_CXX_LIBRARY = "libc++";
				CLANG_ENABLE_MODULES = YES;
				CLANG_ENABLE_OBJC_ARC = YES;
				CLANG_ENABLE_OBJC_WEAK = YES;
				CLANG_WARN_BLOCK_CAPTURE_AUTORELEASING = YES;
				CLANG_WARN_BOOL_CONVERSION = YES;
				CLANG_WARN_COMMA = YES;
				CLANG_WARN_CONSTANT_CONVERSION = YES;
				CLANG_WARN_DEPRECATED_OBJC_IMPLEMENTATIONS = YES;
				CLANG_WARN_DIRECT_OBJC_ISA_USAGE = YES_ERROR;
				CLANG_WARN_DOCUMENTATION_COMMENTS = YES;
				CLANG_WARN_EMPTY_BODY = YES;
				CLANG_WARN_ENUM_CONVERSION = YES;
				CLANG_WARN_INFINITE_RECURSION = YES;
				CLANG_WARN_INT_CONVERSION = YES;
				CLANG_WARN_NON_LITERAL_NULL_CONVERSION = YES;
				CLANG_WARN_OBJC_IMPLICIT_RETAIN_SELF = YES;
				CLANG_WARN_OBJC_LITERAL_CONVERSION = YES;
				CLANG_WARN_OBJC_ROOT_CLASS = YES_ERROR;
				CLANG_WARN_QUOTED_INCLUDE_IN_FRAMEWORK_HEADER = YES;
				CLANG_WARN_RANGE_LOOP_ANALYSIS = YES;
				CLANG_WARN_STRICT_PROTOTYPES = YES;
				CLANG_WARN_SUSPICIOUS_MOVE = YES;
				CLANG_WARN_UNGUARDED_AVAILABILITY = YES_AGGRESSIVE;
				CLANG_WARN_UNREACHABLE_CODE = YES;
				CLANG_WARN__DUPLICATE_METHOD_MATCH = YES;
				COPY_PHASE_STRIP = NO;
				DEBUG_INFORMATION_FORMAT = "dwarf-with-dsym";
				ENABLE_NS_ASSERTIONS = NO;
				ENABLE_STRICT_OBJC_MSGSEND = YES;
				GCC_C_LANGUAGE_STANDARD = gnu11;
				GCC_NO_COMMON_BLOCKS = YES;
				GCC_WARN_64_TO_32_BIT_CONVERSION = YES;
				GCC_WARN_ABOUT_RETURN_TYPE = YES_ERROR;
				GCC_WARN_UNDECLARED_SELECTOR = YES;
				GCC_WARN_UNINITIALIZED_AUTOS = YES_AGGRESSIVE;
				GCC_WARN_UNUSED_FUNCTION = YES;
				GCC_WARN_UNUSED_VARIABLE = YES;
				IPHONEOS_DEPLOYMENT_TARGET = 14.3;
				MTL_ENABLE_DEBUG_INFO = NO;
				MTL_FAST_MATH = YES;
				SDKROOT = iphoneos;
				SWIFT_COMPILATION_MODE = wholemodule;
				SWIFT_OPTIMIZATION_LEVEL = "-O";
				VALIDATE_PRODUCT = YES;
			};
			name = Release;
		};
		A3A532E5259B64C20045BEE4 /* Debug */ = {
			isa = XCBuildConfiguration;
			buildSettings = {
				ASSETCATALOG_COMPILER_APPICON_NAME = AppIcon;
				ASSETCATALOG_COMPILER_GLOBAL_ACCENT_COLOR_NAME = AccentColor;
				CODE_SIGN_STYLE = Automatic;
				DEVELOPMENT_TEAM = 534983HD6C;
				INFOPLIST_FILE = "Remote Collaborative Annotation/Info.plist";
				LD_RUNPATH_SEARCH_PATHS = (
					"$(inherited)",
					"@executable_path/Frameworks",
				);
				PRODUCT_BUNDLE_IDENTIFIER = "TUM.de.World-Tracking";
				PRODUCT_NAME = "$(TARGET_NAME)";
				SWIFT_OBJC_BRIDGING_HEADER = "Remote Collaborative Annotation/RemoteCollaborativeAnnotation-Bridging-Header.h";
				SWIFT_VERSION = 5.0;
				TARGETED_DEVICE_FAMILY = "1,2";
			};
			name = Debug;
		};
		A3A532E6259B64C20045BEE4 /* Release */ = {
			isa = XCBuildConfiguration;
			buildSettings = {
				ASSETCATALOG_COMPILER_APPICON_NAME = AppIcon;
				ASSETCATALOG_COMPILER_GLOBAL_ACCENT_COLOR_NAME = AccentColor;
				CODE_SIGN_STYLE = Automatic;
				DEVELOPMENT_TEAM = 534983HD6C;
				INFOPLIST_FILE = "Remote Collaborative Annotation/Info.plist";
				LD_RUNPATH_SEARCH_PATHS = (
					"$(inherited)",
					"@executable_path/Frameworks",
				);
				PRODUCT_BUNDLE_IDENTIFIER = "TUM.de.World-Tracking";
				PRODUCT_NAME = "$(TARGET_NAME)";
				SWIFT_OBJC_BRIDGING_HEADER = "Remote Collaborative Annotation/RemoteCollaborativeAnnotation-Bridging-Header.h";
				SWIFT_VERSION = 5.0;
				TARGETED_DEVICE_FAMILY = "1,2";
			};
			name = Release;
		};
		A3A532E8259B64C20045BEE4 /* Debug */ = {
			isa = XCBuildConfiguration;
			buildSettings = {
				ALWAYS_EMBED_SWIFT_STANDARD_LIBRARIES = YES;
				BUNDLE_LOADER = "$(TEST_HOST)";
				CODE_SIGN_STYLE = Automatic;
				DEVELOPMENT_TEAM = 534983HD6C;
				INFOPLIST_FILE = "Remote Collaborative AnnotationTests/Info.plist";
				IPHONEOS_DEPLOYMENT_TARGET = 14.3;
				LD_RUNPATH_SEARCH_PATHS = (
					"$(inherited)",
					"@executable_path/Frameworks",
					"@loader_path/Frameworks",
				);
				PRODUCT_BUNDLE_IDENTIFIER = "TUM.de.Remote-Collaborative-AnnotationTests";
				PRODUCT_NAME = "$(TARGET_NAME)";
				SWIFT_VERSION = 5.0;
				TARGETED_DEVICE_FAMILY = "1,2";
				TEST_HOST = "$(BUILT_PRODUCTS_DIR)/Remote Collaborative Annotation.app/Remote Collaborative Annotation";
			};
			name = Debug;
		};
		A3A532E9259B64C20045BEE4 /* Release */ = {
			isa = XCBuildConfiguration;
			buildSettings = {
				ALWAYS_EMBED_SWIFT_STANDARD_LIBRARIES = YES;
				BUNDLE_LOADER = "$(TEST_HOST)";
				CODE_SIGN_STYLE = Automatic;
				DEVELOPMENT_TEAM = 534983HD6C;
				INFOPLIST_FILE = "Remote Collaborative AnnotationTests/Info.plist";
				IPHONEOS_DEPLOYMENT_TARGET = 14.3;
				LD_RUNPATH_SEARCH_PATHS = (
					"$(inherited)",
					"@executable_path/Frameworks",
					"@loader_path/Frameworks",
				);
				PRODUCT_BUNDLE_IDENTIFIER = "TUM.de.Remote-Collaborative-AnnotationTests";
				PRODUCT_NAME = "$(TARGET_NAME)";
				SWIFT_VERSION = 5.0;
				TARGETED_DEVICE_FAMILY = "1,2";
				TEST_HOST = "$(BUILT_PRODUCTS_DIR)/Remote Collaborative Annotation.app/Remote Collaborative Annotation";
			};
			name = Release;
		};
		A3A532EB259B64C20045BEE4 /* Debug */ = {
			isa = XCBuildConfiguration;
			buildSettings = {
				ALWAYS_EMBED_SWIFT_STANDARD_LIBRARIES = YES;
				CODE_SIGN_STYLE = Automatic;
				DEVELOPMENT_TEAM = 534983HD6C;
				INFOPLIST_FILE = "Remote Collaborative AnnotationUITests/Info.plist";
				LD_RUNPATH_SEARCH_PATHS = (
					"$(inherited)",
					"@executable_path/Frameworks",
					"@loader_path/Frameworks",
				);
				PRODUCT_BUNDLE_IDENTIFIER = "TUM.de.Remote-Collaborative-AnnotationUITests";
				PRODUCT_NAME = "$(TARGET_NAME)";
				SWIFT_VERSION = 5.0;
				TARGETED_DEVICE_FAMILY = "1,2";
				TEST_TARGET_NAME = "Remote Collaborative Annotation";
			};
			name = Debug;
		};
		A3A532EC259B64C20045BEE4 /* Release */ = {
			isa = XCBuildConfiguration;
			buildSettings = {
				ALWAYS_EMBED_SWIFT_STANDARD_LIBRARIES = YES;
				CODE_SIGN_STYLE = Automatic;
				DEVELOPMENT_TEAM = 534983HD6C;
				INFOPLIST_FILE = "Remote Collaborative AnnotationUITests/Info.plist";
				LD_RUNPATH_SEARCH_PATHS = (
					"$(inherited)",
					"@executable_path/Frameworks",
					"@loader_path/Frameworks",
				);
				PRODUCT_BUNDLE_IDENTIFIER = "TUM.de.Remote-Collaborative-AnnotationUITests";
				PRODUCT_NAME = "$(TARGET_NAME)";
				SWIFT_VERSION = 5.0;
				TARGETED_DEVICE_FAMILY = "1,2";
				TEST_TARGET_NAME = "Remote Collaborative Annotation";
			};
			name = Release;
		};
/* End XCBuildConfiguration section */

/* Begin XCConfigurationList section */
		A3A532B5259B64C10045BEE4 /* Build configuration list for PBXProject "Remote Collaborative Annotation" */ = {
			isa = XCConfigurationList;
			buildConfigurations = (
				A3A532E2259B64C20045BEE4 /* Debug */,
				A3A532E3259B64C20045BEE4 /* Release */,
			);
			defaultConfigurationIsVisible = 0;
			defaultConfigurationName = Release;
		};
		A3A532E4259B64C20045BEE4 /* Build configuration list for PBXNativeTarget "Remote Collaborative Annotation" */ = {
			isa = XCConfigurationList;
			buildConfigurations = (
				A3A532E5259B64C20045BEE4 /* Debug */,
				A3A532E6259B64C20045BEE4 /* Release */,
			);
			defaultConfigurationIsVisible = 0;
			defaultConfigurationName = Release;
		};
		A3A532E7259B64C20045BEE4 /* Build configuration list for PBXNativeTarget "Remote Collaborative AnnotationTests" */ = {
			isa = XCConfigurationList;
			buildConfigurations = (
				A3A532E8259B64C20045BEE4 /* Debug */,
				A3A532E9259B64C20045BEE4 /* Release */,
			);
			defaultConfigurationIsVisible = 0;
			defaultConfigurationName = Release;
		};
		A3A532EA259B64C20045BEE4 /* Build configuration list for PBXNativeTarget "Remote Collaborative AnnotationUITests" */ = {
			isa = XCConfigurationList;
			buildConfigurations = (
				A3A532EB259B64C20045BEE4 /* Debug */,
				A3A532EC259B64C20045BEE4 /* Release */,
			);
			defaultConfigurationIsVisible = 0;
			defaultConfigurationName = Release;
		};
/* End XCConfigurationList section */
	};
	rootObject = A3A532B2259B64C10045BEE4 /* Project object */;
}
